
Microsoft Visual Studio Solution File, Format Version 12.00
# Visual Studio Version 16
VisualStudioVersion = 16.0.32002.261
MinimumVisualStudioVersion = 10.0.40219.1
Project("{FAE04EC0-301F-11D3-BF4B-00C04F79EFBC}") = "GSA", "GSA\GSA.csproj", "{DED34A86-FD64-4289-9040-D9CC9E35F8BC}"
EndProject
Global
	GlobalSection(SolutionConfigurationPlatforms) = preSolution
		Debug|Any CPU = Debug|Any CPU
		Release|Any CPU = Release|Any CPU
	EndGlobalSection
	GlobalSection(ProjectConfigurationPlatforms) = postSolution
		{DED34A86-FD64-4289-9040-D9CC9E35F8BC}.Debug|Any CPU.ActiveCfg = Debug|Any CPU
		{DED34A86-FD64-4289-9040-D9CC9E35F8BC}.Debug|Any CPU.Build.0 = Debug|Any CPU
		{DED34A86-FD64-4289-9040-D9CC9E35F8BC}.Release|Any CPU.ActiveCfg = Release|Any CPU
		{DED34A86-FD64-4289-9040-D9CC9E35F8BC}.Release|Any CPU.Build.0 = Release|Any CPU
	EndGlobalSection
	GlobalSection(SolutionProperties) = preSolution
		HideSolutionNode = FALSE
	EndGlobalSection
	GlobalSection(ExtensibilityGlobals) = postSolution
		SolutionGuid = {15DDC25E-E5DE-4FBB-80F1-760CDB94F954}
	EndGlobalSection
EndGlobal
